<Solution>
  <Folder Name="/_Database/">
    <File Path="SnippetManager.db" />
  </Folder>
  <Folder Name="/_Doc/">
    <File Path="LICENSE.txt" />
    <File Path="MainWindow.png" />
    <File Path="README.md" />
    <File Path="XamlIconUC.png" />
  </Folder>
  <Project Path="SnippetManager/SnippetManager.csproj" />
</Solution>
